
Microsoft Visual Studio Solution File, Format Version 12.00
# Visual Studio Version 17
VisualStudioVersion = 17.2.32630.192
MinimumVisualStudioVersion = 10.0.40219.1
Project("{2150E333-8FDC-42A3-9474-1A3956D46DE8}") = "5 DB", "5 DB", "{5DB52DF1-C0A0-42DA-8756-11A9B6E98042}"
EndProject
Project("{2150E333-8FDC-42A3-9474-1A3956D46DE8}") = "4 DAL", "4 DAL", "{DFC030EB-0D1C-4FA0-B40B-0CF4A12508EE}"
EndProject
Project("{2150E333-8FDC-42A3-9474-1A3956D46DE8}") = "3 COMMON", "3 COMMON", "{54BCE5C5-D605-44A3-83F7-EBE6FCDEF990}"
EndProject
Project("{2150E333-8FDC-42A3-9474-1A3956D46DE8}") = "2 BLL", "2 BLL", "{B7392C68-4913-4B7A-B605-507B6B218D84}"
EndProject
Project("{2150E333-8FDC-42A3-9474-1A3956D46DE8}") = "1 API", "1 API", "{66129883-6C83-4738-B0C0-BBB8528BFCC4}"
EndProject
Project("{9A19103F-16F7-4668-BE54-9A1E7A4F7556}") = "API.Crowdfunding", "API.Crowdfunding\API.Crowdfunding.csproj", "{E138801A-479D-4BAD-A5BF-2A1276C988FE}"
EndProject
Project("{9A19103F-16F7-4668-BE54-9A1E7A4F7556}") = "BLL.Crowdfunding", "BLL.Crowdfunding\BLL.Crowdfunding.csproj", "{6BAFAC21-D3D9-440B-8D76-F4B5AC0E2B62}"
EndProject
Project("{9A19103F-16F7-4668-BE54-9A1E7A4F7556}") = "COMMON.Crowdfunding", "COMMON.Crowdfunding\COMMON.Crowdfunding.csproj", "{711FDEA4-9863-4C35-B7D2-75768FF721D3}"
EndProject
Project("{9A19103F-16F7-4668-BE54-9A1E7A4F7556}") = "DAL.Crowdfunding", "DAL.Crowdfunding\DAL.Crowdfunding.csproj", "{594C58A8-66A4-43A7-A7B7-38382ED2557C}"
EndProject
Project("{00D1A9C2-B5F0-4AF3-8072-F6C62B433612}") = "DB.Crowdfunding", "DB.Crowdfunding\DB.Crowdfunding.sqlproj", "{69163F0B-F9F8-414B-8D3F-98CBC450BC12}"
EndProject
Project("{2150E333-8FDC-42A3-9474-1A3956D46DE8}") = "6 TOOLS", "6 TOOLS", "{1CBF5FEF-4CF6-4743-B363-A22C847C3EE6}"
EndProject
Project("{FAE04EC0-301F-11D3-BF4B-00C04F79EFBC}") = "TOOLS.DbConnection", "TOOLS.DbConnection\TOOLS.DbConnection.csproj", "{CCF6D7FC-E612-464F-B878-D00D7B6BB9A7}"
EndProject
Global
	GlobalSection(SolutionConfigurationPlatforms) = preSolution
		Debug|Any CPU = Debug|Any CPU
		Release|Any CPU = Release|Any CPU
	EndGlobalSection
	GlobalSection(ProjectConfigurationPlatforms) = postSolution
		{E138801A-479D-4BAD-A5BF-2A1276C988FE}.Debug|Any CPU.ActiveCfg = Debug|Any CPU
		{E138801A-479D-4BAD-A5BF-2A1276C988FE}.Debug|Any CPU.Build.0 = Debug|Any CPU
		{E138801A-479D-4BAD-A5BF-2A1276C988FE}.Release|Any CPU.ActiveCfg = Release|Any CPU
		{E138801A-479D-4BAD-A5BF-2A1276C988FE}.Release|Any CPU.Build.0 = Release|Any CPU
		{6BAFAC21-D3D9-440B-8D76-F4B5AC0E2B62}.Debug|Any CPU.ActiveCfg = Debug|Any CPU
		{6BAFAC21-D3D9-440B-8D76-F4B5AC0E2B62}.Debug|Any CPU.Build.0 = Debug|Any CPU
		{6BAFAC21-D3D9-440B-8D76-F4B5AC0E2B62}.Release|Any CPU.ActiveCfg = Release|Any CPU
		{6BAFAC21-D3D9-440B-8D76-F4B5AC0E2B62}.Release|Any CPU.Build.0 = Release|Any CPU
		{711FDEA4-9863-4C35-B7D2-75768FF721D3}.Debug|Any CPU.ActiveCfg = Debug|Any CPU
		{711FDEA4-9863-4C35-B7D2-75768FF721D3}.Debug|Any CPU.Build.0 = Debug|Any CPU
		{711FDEA4-9863-4C35-B7D2-75768FF721D3}.Release|Any CPU.ActiveCfg = Release|Any CPU
		{711FDEA4-9863-4C35-B7D2-75768FF721D3}.Release|Any CPU.Build.0 = Release|Any CPU
		{594C58A8-66A4-43A7-A7B7-38382ED2557C}.Debug|Any CPU.ActiveCfg = Debug|Any CPU
		{594C58A8-66A4-43A7-A7B7-38382ED2557C}.Debug|Any CPU.Build.0 = Debug|Any CPU
		{594C58A8-66A4-43A7-A7B7-38382ED2557C}.Release|Any CPU.ActiveCfg = Release|Any CPU
		{594C58A8-66A4-43A7-A7B7-38382ED2557C}.Release|Any CPU.Build.0 = Release|Any CPU
		{69163F0B-F9F8-414B-8D3F-98CBC450BC12}.Debug|Any CPU.ActiveCfg = Debug|Any CPU
		{69163F0B-F9F8-414B-8D3F-98CBC450BC12}.Debug|Any CPU.Build.0 = Debug|Any CPU
		{69163F0B-F9F8-414B-8D3F-98CBC450BC12}.Debug|Any CPU.Deploy.0 = Debug|Any CPU
		{69163F0B-F9F8-414B-8D3F-98CBC450BC12}.Release|Any CPU.ActiveCfg = Release|Any CPU
		{69163F0B-F9F8-414B-8D3F-98CBC450BC12}.Release|Any CPU.Build.0 = Release|Any CPU
		{69163F0B-F9F8-414B-8D3F-98CBC450BC12}.Release|Any CPU.Deploy.0 = Release|Any CPU
		{CCF6D7FC-E612-464F-B878-D00D7B6BB9A7}.Debug|Any CPU.ActiveCfg = Debug|Any CPU
		{CCF6D7FC-E612-464F-B878-D00D7B6BB9A7}.Debug|Any CPU.Build.0 = Debug|Any CPU
		{CCF6D7FC-E612-464F-B878-D00D7B6BB9A7}.Release|Any CPU.ActiveCfg = Release|Any CPU
		{CCF6D7FC-E612-464F-B878-D00D7B6BB9A7}.Release|Any CPU.Build.0 = Release|Any CPU
	EndGlobalSection
	GlobalSection(SolutionProperties) = preSolution
		HideSolutionNode = FALSE
	EndGlobalSection
	GlobalSection(NestedProjects) = preSolution
		{E138801A-479D-4BAD-A5BF-2A1276C988FE} = {66129883-6C83-4738-B0C0-BBB8528BFCC4}
		{6BAFAC21-D3D9-440B-8D76-F4B5AC0E2B62} = {B7392C68-4913-4B7A-B605-507B6B218D84}
		{711FDEA4-9863-4C35-B7D2-75768FF721D3} = {54BCE5C5-D605-44A3-83F7-EBE6FCDEF990}
		{594C58A8-66A4-43A7-A7B7-38382ED2557C} = {DFC030EB-0D1C-4FA0-B40B-0CF4A12508EE}
		{69163F0B-F9F8-414B-8D3F-98CBC450BC12} = {5DB52DF1-C0A0-42DA-8756-11A9B6E98042}
		{CCF6D7FC-E612-464F-B878-D00D7B6BB9A7} = {1CBF5FEF-4CF6-4743-B363-A22C847C3EE6}
	EndGlobalSection
	GlobalSection(ExtensibilityGlobals) = postSolution
		SolutionGuid = {BFF6252A-FD2F-4FD8-A4FF-378C483F378F}
	EndGlobalSection
EndGlobal
